// !$*UTF8*$!
{
	archiveVersion = 1;
	classes = {
	};
	objectVersion = 46;
	objects = {

/* Begin PBXBuildFile section */
		6AFFA6CC192A885A0091244C /* Foundation.framework in Frameworks */ = {isa = PBXBuildFile; fileRef = 6AFFA6CB192A885A0091244C /* Foundation.framework */; };
		6AFFA6CE192A885A0091244C /* CoreGraphics.framework in Frameworks */ = {isa = PBXBuildFile; fileRef = 6AFFA6CD192A885A0091244C /* CoreGraphics.framework */; };
		6AFFA6D0192A885A0091244C /* UIKit.framework in Frameworks */ = {isa = PBXBuildFile; fileRef = 6AFFA6CF192A885A0091244C /* UIKit.framework */; };
		6AFFA6D6192A885A0091244C /* InfoPlist.strings in Resources */ = {isa = PBXBuildFile; fileRef = 6AFFA6D4192A885A0091244C /* InfoPlist.strings */; };
		6AFFA6D8192A885A0091244C /* main.m in Sources */ = {isa = PBXBuildFile; fileRef = 6AFFA6D7192A885A0091244C /* main.m */; };
		6AFFA6DC192A885A0091244C /* AppDelegate.m in Sources */ = {isa = PBXBuildFile; fileRef = 6AFFA6DB192A885A0091244C /* AppDelegate.m */; };
		6AFFA6DF192A885A0091244C /* Main.storyboard in Resources */ = {isa = PBXBuildFile; fileRef = 6AFFA6DD192A885A0091244C /* Main.storyboard */; };
		6AFFA6E2192A885A0091244C /* ViewController.m in Sources */ = {isa = PBXBuildFile; fileRef = 6AFFA6E1192A885A0091244C /* ViewController.m */; };
		6AFFA6E4192A885A0091244C /* Images.xcassets in Resources */ = {isa = PBXBuildFile; fileRef = 6AFFA6E3192A885A0091244C /* Images.xcassets */; };
		6AFFA6EB192A885A0091244C /* XCTest.framework in Frameworks */ = {isa = PBXBuildFile; fileRef = 6AFFA6EA192A885A0091244C /* XCTest.framework */; };
		6AFFA6EC192A885A0091244C /* Foundation.framework in Frameworks */ = {isa = PBXBuildFile; fileRef = 6AFFA6CB192A885A0091244C /* Foundation.framework */; };
		6AFFA6ED192A885A0091244C /* UIKit.framework in Frameworks */ = {isa = PBXBuildFile; fileRef = 6AFFA6CF192A885A0091244C /* UIKit.framework */; };
		6AFFA6F5192A885A0091244C /* InfoPlist.strings in Resources */ = {isa = PBXBuildFile; fileRef = 6AFFA6F3192A885A0091244C /* InfoPlist.strings */; };
		6AFFA6F7192A885A0091244C /* DeprocrastinatorTests.m in Sources */ = {isa = PBXBuildFile; fileRef = 6AFFA6F6192A885A0091244C /* DeprocrastinatorTests.m */; };
		6AFFA701192A88780091244C /* CheckMate.framework in Frameworks */ = {isa = PBXBuildFile; fileRef = 6AFFA700192A88780091244C /* CheckMate.framework */; };
/* End PBXBuildFile section */

/* Begin PBXContainerItemProxy section */
		6AFFA6EE192A885A0091244C /* PBXContainerItemProxy */ = {
			isa = PBXContainerItemProxy;
			containerPortal = 6AFFA6C0192A885A0091244C /* Project object */;
			proxyType = 1;
			remoteGlobalIDString = 6AFFA6C7192A885A0091244C;
			remoteInfo = Deprocrastinator;
		};
/* End PBXContainerItemProxy section */

/* Begin PBXFileReference section */
		6AFFA6C8192A885A0091244C /* Deprocrastinator.app */ = {isa = PBXFileReference; explicitFileType = wrapper.application; includeInIndex = 0; path = Deprocrastinator.app; sourceTree = BUILT_PRODUCTS_DIR; };
		6AFFA6CB192A885A0091244C /* Foundation.framework */ = {isa = PBXFileReference; lastKnownFileType = wrapper.framework; name = Foundation.framework; path = System/Library/Frameworks/Foundation.framework; sourceTree = SDKROOT; };
		6AFFA6CD192A885A0091244C /* CoreGraphics.framework */ = {isa = PBXFileReference; lastKnownFileType = wrapper.framework; name = CoreGraphics.framework; path = System/Library/Frameworks/CoreGraphics.framework; sourceTree = SDKROOT; };
		6AFFA6CF192A885A0091244C /* UIKit.framework */ = {isa = PBXFileReference; lastKnownFileType = wrapper.framework; name = UIKit.framework; path = System/Library/Frameworks/UIKit.framework; sourceTree = SDKROOT; };
		6AFFA6D3192A885A0091244C /* Deprocrastinator-Info.plist */ = {isa = PBXFileReference; lastKnownFileType = text.plist.xml; path = "Deprocrastinator-Info.plist"; sourceTree = "<group>"; };
		6AFFA6D5192A885A0091244C /* en */ = {isa = PBXFileReference; lastKnownFileType = text.plist.strings; name = en; path = en.lproj/InfoPlist.strings; sourceTree = "<group>"; };
		6AFFA6D7192A885A0091244C /* main.m */ = {isa = PBXFileReference; lastKnownFileType = sourcecode.c.objc; path = main.m; sourceTree = "<group>"; };
		6AFFA6D9192A885A0091244C /* Deprocrastinator-Prefix.pch */ = {isa = PBXFileReference; lastKnownFileType = sourcecode.c.h; path = "Deprocrastinator-Prefix.pch"; sourceTree = "<group>"; };
		6AFFA6DA192A885A0091244C /* AppDelegate.h */ = {isa = PBXFileReference; lastKnownFileType = sourcecode.c.h; path = AppDelegate.h; sourceTree = "<group>"; };
		6AFFA6DB192A885A0091244C /* AppDelegate.m */ = {isa = PBXFileReference; lastKnownFileType = sourcecode.c.objc; path = AppDelegate.m; sourceTree = "<group>"; };
		6AFFA6DE192A885A0091244C /* Base */ = {isa = PBXFileReference; lastKnownFileType = file.storyboard; name = Base; path = Base.lproj/Main.storyboard; sourceTree = "<group>"; };
		6AFFA6E0192A885A0091244C /* ViewController.h */ = {isa = PBXFileReference; lastKnownFileType = sourcecode.c.h; path = ViewController.h; sourceTree = "<group>"; };
		6AFFA6E1192A885A0091244C /* ViewController.m */ = {isa = PBXFileReference; lastKnownFileType = sourcecode.c.objc; path = ViewController.m; sourceTree = "<group>"; };
		6AFFA6E3192A885A0091244C /* Images.xcassets */ = {isa = PBXFileReference; lastKnownFileType = folder.assetcatalog; path = Images.xcassets; sourceTree = "<group>"; };
		6AFFA6E9192A885A0091244C /* DeprocrastinatorTests.xctest */ = {isa = PBXFileReference; explicitFileType = wrapper.cfbundle; includeInIndex = 0; path = DeprocrastinatorTests.xctest; sourceTree = BUILT_PRODUCTS_DIR; };
		6AFFA6EA192A885A0091244C /* XCTest.framework */ = {isa = PBXFileReference; lastKnownFileType = wrapper.framework; name = XCTest.framework; path = Library/Frameworks/XCTest.framework; sourceTree = DEVELOPER_DIR; };
		6AFFA6F2192A885A0091244C /* DeprocrastinatorTests-Info.plist */ = {isa = PBXFileReference; lastKnownFileType = text.plist.xml; path = "DeprocrastinatorTests-Info.plist"; sourceTree = "<group>"; };
		6AFFA6F4192A885A0091244C /* en */ = {isa = PBXFileReference; lastKnownFileType = text.plist.strings; name = en; path = en.lproj/InfoPlist.strings; sourceTree = "<group>"; };
		6AFFA6F6192A885A0091244C /* DeprocrastinatorTests.m */ = {isa = PBXFileReference; lastKnownFileType = sourcecode.c.objc; path = DeprocrastinatorTests.m; sourceTree = "<group>"; };
		6AFFA700192A88780091244C /* CheckMate.framework */ = {isa = PBXFileReference; lastKnownFileType = wrapper.framework; name = CheckMate.framework; path = ../../../Desktop/CheckMate.framework; sourceTree = "<group>"; };
/* End PBXFileReference section */

/* Begin PBXFrameworksBuildPhase section */
		6AFFA6C5192A885A0091244C /* Frameworks */ = {
			isa = PBXFrameworksBuildPhase;
			buildActionMask = 2147483647;
			files = (
				6AFFA701192A88780091244C /* CheckMate.framework in Frameworks */,
				6AFFA6CE192A885A0091244C /* CoreGraphics.framework in Frameworks */,
				6AFFA6D0192A885A0091244C /* UIKit.framework in Frameworks */,
				6AFFA6CC192A885A0091244C /* Foundation.framework in Frameworks */,
			);
			runOnlyForDeploymentPostprocessing = 0;
		};
		6AFFA6E6192A885A0091244C /* Frameworks */ = {
			isa = PBXFrameworksBuildPhase;
			buildActionMask = 2147483647;
			files = (
				6AFFA6EB192A885A0091244C /* XCTest.framework in Frameworks */,
				6AFFA6ED192A885A0091244C /* UIKit.framework in Frameworks */,
				6AFFA6EC192A885A0091244C /* Foundation.framework in Frameworks */,
			);
			runOnlyForDeploymentPostprocessing = 0;
		};
/* End PBXFrameworksBuildPhase section */

/* Begin PBXGroup section */
		6AFFA6BF192A885A0091244C = {
			isa = PBXGroup;
			children = (
				6AFFA6D1192A885A0091244C /* Deprocrastinator */,
				6AFFA6F0192A885A0091244C /* DeprocrastinatorTests */,
				6AFFA6CA192A885A0091244C /* Frameworks */,
				6AFFA6C9192A885A0091244C /* Products */,
			);
			sourceTree = "<group>";
		};
		6AFFA6C9192A885A0091244C /* Products */ = {
			isa = PBXGroup;
			children = (
				6AFFA6C8192A885A0091244C /* Deprocrastinator.app */,
				6AFFA6E9192A885A0091244C /* DeprocrastinatorTests.xctest */,
			);
			name = Products;
			sourceTree = "<group>";
		};
		6AFFA6CA192A885A0091244C /* Frameworks */ = {
			isa = PBXGroup;
			children = (
				6AFFA700192A88780091244C /* CheckMate.framework */,
				6AFFA6CB192A885A0091244C /* Foundation.framework */,
				6AFFA6CD192A885A0091244C /* CoreGraphics.framework */,
				6AFFA6CF192A885A0091244C /* UIKit.framework */,
				6AFFA6EA192A885A0091244C /* XCTest.framework */,
			);
			name = Frameworks;
			sourceTree = "<group>";
		};
		6AFFA6D1192A885A0091244C /* Deprocrastinator */ = {
			isa = PBXGroup;
			children = (
				6AFFA6DA192A885A0091244C /* AppDelegate.h */,
				6AFFA6DB192A885A0091244C /* AppDelegate.m */,
				6AFFA6DD192A885A0091244C /* Main.storyboard */,
				6AFFA6E0192A885A0091244C /* ViewController.h */,
				6AFFA6E1192A885A0091244C /* ViewController.m */,
				6AFFA6E3192A885A0091244C /* Images.xcassets */,
				6AFFA6D2192A885A0091244C /* Supporting Files */,
			);
			path = Deprocrastinator;
			sourceTree = "<group>";
		};
		6AFFA6D2192A885A0091244C /* Supporting Files */ = {
			isa = PBXGroup;
			children = (
				6AFFA6D3192A885A0091244C /* Deprocrastinator-Info.plist */,
				6AFFA6D4192A885A0091244C /* InfoPlist.strings */,
				6AFFA6D7192A885A0091244C /* main.m */,
				6AFFA6D9192A885A0091244C /* Deprocrastinator-Prefix.pch */,
			);
			name = "Supporting Files";
			sourceTree = "<group>";
		};
		6AFFA6F0192A885A0091244C /* DeprocrastinatorTests */ = {
			isa = PBXGroup;
			children = (
				6AFFA6F6192A885A0091244C /* DeprocrastinatorTests.m */,
				6AFFA6F1192A885A0091244C /* Supporting Files */,
			);
			path = DeprocrastinatorTests;
			sourceTree = "<group>";
		};
		6AFFA6F1192A885A0091244C /* Supporting Files */ = {
			isa = PBXGroup;
			children = (
				6AFFA6F2192A885A0091244C /* DeprocrastinatorTests-Info.plist */,
				6AFFA6F3192A885A0091244C /* InfoPlist.strings */,
			);
			name = "Supporting Files";
			sourceTree = "<group>";
		};
/* End PBXGroup section */

/* Begin PBXNativeTarget section */
		6AFFA6C7192A885A0091244C /* Deprocrastinator */ = {
			isa = PBXNativeTarget;
			buildConfigurationList = 6AFFA6FA192A885A0091244C /* Build configuration list for PBXNativeTarget "Deprocrastinator" */;
			buildPhases = (
				6AFFA6C4192A885A0091244C /* Sources */,
				6AFFA6C5192A885A0091244C /* Frameworks */,
				6AFFA6C6192A885A0091244C /* Resources */,
			);
			buildRules = (
			);
			dependencies = (
			);
			name = Deprocrastinator;
			productName = Deprocrastinator;
			productReference = 6AFFA6C8192A885A0091244C /* Deprocrastinator.app */;
			productType = "com.apple.product-type.application";
		};
		6AFFA6E8192A885A0091244C /* DeprocrastinatorTests */ = {
			isa = PBXNativeTarget;
			buildConfigurationList = 6AFFA6FD192A885A0091244C /* Build configuration list for PBXNativeTarget "DeprocrastinatorTests" */;
			buildPhases = (
				6AFFA6E5192A885A0091244C /* Sources */,
				6AFFA6E6192A885A0091244C /* Frameworks */,
				6AFFA6E7192A885A0091244C /* Resources */,
			);
			buildRules = (
			);
			dependencies = (
				6AFFA6EF192A885A0091244C /* PBXTargetDependency */,
			);
			name = DeprocrastinatorTests;
			productName = DeprocrastinatorTests;
			productReference = 6AFFA6E9192A885A0091244C /* DeprocrastinatorTests.xctest */;
			productType = "com.apple.product-type.bundle.unit-test";
		};
/* End PBXNativeTarget section */

/* Begin PBXProject section */
		6AFFA6C0192A885A0091244C /* Project object */ = {
			isa = PBXProject;
			attributes = {
				LastUpgradeCheck = 0510;
				ORGANIZATIONNAME = "Orten, Thomas";
				TargetAttributes = {
					6AFFA6E8192A885A0091244C = {
						TestTargetID = 6AFFA6C7192A885A0091244C;
					};
				};
			};
			buildConfigurationList = 6AFFA6C3192A885A0091244C /* Build configuration list for PBXProject "Deprocrastinator" */;
			compatibilityVersion = "Xcode 3.2";
			developmentRegion = English;
			hasScannedForEncodings = 0;
			knownRegions = (
				en,
				Base,
			);
			mainGroup = 6AFFA6BF192A885A0091244C;
			productRefGroup = 6AFFA6C9192A885A0091244C /* Products */;
			projectDirPath = "";
			projectRoot = "";
			targets = (
				6AFFA6C7192A885A0091244C /* Deprocrastinator */,
				6AFFA6E8192A885A0091244C /* DeprocrastinatorTests */,
			);
		};
/* End PBXProject section */

/* Begin PBXResourcesBuildPhase section */
		6AFFA6C6192A885A0091244C /* Resources */ = {
			isa = PBXResourcesBuildPhase;
			buildActionMask = 2147483647;
			files = (
				6AFFA6E4192A885A0091244C /* Images.xcassets in Resources */,
				6AFFA6D6192A885A0091244C /* InfoPlist.strings in Resources */,
				6AFFA6DF192A885A0091244C /* Main.storyboard in Resources */,
			);
			runOnlyForDeploymentPostprocessing = 0;
		};
		6AFFA6E7192A885A0091244C /* Resources */ = {
			isa = PBXResourcesBuildPhase;
			buildActionMask = 2147483647;
			files = (
				6AFFA6F5192A885A0091244C /* InfoPlist.strings in Resources */,
			);
			runOnlyForDeploymentPostprocessing = 0;
		};
/* End PBXResourcesBuildPhase section */

/* Begin PBXSourcesBuildPhase section */
		6AFFA6C4192A885A0091244C /* Sources */ = {
			isa = PBXSourcesBuildPhase;
			buildActionMask = 2147483647;
			files = (
				6AFFA6E2192A885A0091244C /* ViewController.m in Sources */,
				6AFFA6DC192A885A0091244C /* AppDelegate.m in Sources */,
				6AFFA6D8192A885A0091244C /* main.m in Sources */,
			);
			runOnlyForDeploymentPostprocessing = 0;
		};
		6AFFA6E5192A885A0091244C /* Sources */ = {
			isa = PBXSourcesBuildPhase;
			buildActionMask = 2147483647;
			files = (
				6AFFA6F7192A885A0091244C /* DeprocrastinatorTests.m in Sources */,
			);
			runOnlyForDeploymentPostprocessing = 0;
		};
/* End PBXSourcesBuildPhase section */

/* Begin PBXTargetDependency section */
		6AFFA6EF192A885A0091244C /* PBXTargetDependency */ = {
			isa = PBXTargetDependency;
			target = 6AFFA6C7192A885A0091244C /* Deprocrastinator */;
			targetProxy = 6AFFA6EE192A885A0091244C /* PBXContainerItemProxy */;
		};
/* End PBXTargetDependency section */

/* Begin PBXVariantGroup section */
		6AFFA6D4192A885A0091244C /* InfoPlist.strings */ = {
			isa = PBXVariantGroup;
			children = (
				6AFFA6D5192A885A0091244C /* en */,
			);
			name = InfoPlist.strings;
			sourceTree = "<group>";
		};
		6AFFA6DD192A885A0091244C /* Main.storyboard */ = {
			isa = PBXVariantGroup;
			children = (
				6AFFA6DE192A885A0091244C /* Base */,
			);
			name = Main.storyboard;
			sourceTree = "<group>";
		};
		6AFFA6F3192A885A0091244C /* InfoPlist.strings */ = {
			isa = PBXVariantGroup;
			children = (
				6AFFA6F4192A885A0091244C /* en */,
			);
			name = InfoPlist.strings;
			sourceTree = "<group>";
		};
/* End PBXVariantGroup section */

/* Begin XCBuildConfiguration section */
		6AFFA6F8192A885A0091244C /* Debug */ = {
			isa = XCBuildConfiguration;
			buildSettings = {
				ALWAYS_SEARCH_USER_PATHS = NO;
				CLANG_CXX_LANGUAGE_STANDARD = "gnu++0x";
				CLANG_CXX_LIBRARY = "libc++";
				CLANG_ENABLE_MODULES = YES;
				CLANG_ENABLE_OBJC_ARC = YES;
				CLANG_WARN_BOOL_CONVERSION = YES;
				CLANG_WARN_CONSTANT_CONVERSION = YES;
				CLANG_WARN_DIRECT_OBJC_ISA_USAGE = YES_ERROR;
				CLANG_WARN_EMPTY_BODY = YES;
				CLANG_WARN_ENUM_CONVERSION = YES;
				CLANG_WARN_INT_CONVERSION = YES;
				CLANG_WARN_OBJC_ROOT_CLASS = YES_ERROR;
				CLANG_WARN__DUPLICATE_METHOD_MATCH = YES;
				"CODE_SIGN_IDENTITY[sdk=iphoneos*]" = "iPhone Developer";
				COPY_PHASE_STRIP = NO;
				GCC_C_LANGUAGE_STANDARD = gnu99;
				GCC_DYNAMIC_NO_PIC = NO;
				GCC_OPTIMIZATION_LEVEL = 0;
				GCC_PREPROCESSOR_DEFINITIONS = (
					"DEBUG=1",
					"$(inherited)",
				);
				GCC_SYMBOLS_PRIVATE_EXTERN = NO;
				GCC_WARN_64_TO_32_BIT_CONVERSION = YES;
				GCC_WARN_ABOUT_RETURN_TYPE = YES_ERROR;
				GCC_WARN_UNDECLARED_SELECTOR = YES;
				GCC_WARN_UNINITIALIZED_AUTOS = YES_AGGRESSIVE;
				GCC_WARN_UNUSED_FUNCTION = YES;
				GCC_WARN_UNUSED_VARIABLE = YES;
				IPHONEOS_DEPLOYMENT_TARGET = 7.1;
				ONLY_ACTIVE_ARCH = YES;
				SDKROOT = iphoneos;
			};
			name = Debug;
		};
		6AFFA6F9192A885A0091244C /* Release */ = {
			isa = XCBuildConfiguration;
			buildSettings = {
				ALWAYS_SEARCH_USER_PATHS = NO;
				CLANG_CXX_LANGUAGE_STANDARD = "gnu++0x";
				CLANG_CXX_LIBRARY = "libc++";
				CLANG_ENABLE_MODULES = YES;
				CLANG_ENABLE_OBJC_ARC = YES;
				CLANG_WARN_BOOL_CONVERSION = YES;
				CLANG_WARN_CONSTANT_CONVERSION = YES;
				CLANG_WARN_DIRECT_OBJC_ISA_USAGE = YES_ERROR;
				CLANG_WARN_EMPTY_BODY = YES;
				CLANG_WARN_ENUM_CONVERSION = YES;
				CLANG_WARN_INT_CONVERSION = YES;
				CLANG_WARN_OBJC_ROOT_CLASS = YES_ERROR;
				CLANG_WARN__DUPLICATE_METHOD_MATCH = YES;
				"CODE_SIGN_IDENTITY[sdk=iphoneos*]" = "iPhone Developer";
				COPY_PHASE_STRIP = YES;
				ENABLE_NS_ASSERTIONS = NO;
				GCC_C_LANGUAGE_STANDARD = gnu99;
				GCC_WARN_64_TO_32_BIT_CONVERSION = YES;
				GCC_WARN_ABOUT_RETURN_TYPE = YES_ERROR;
				GCC_WARN_UNDECLARED_SELECTOR = YES;
				GCC_WARN_UNINITIALIZED_AUTOS = YES_AGGRESSIVE;
				GCC_WARN_UNUSED_FUNCTION = YES;
				GCC_WARN_UNUSED_VARIABLE = YES;
				IPHONEOS_DEPLOYMENT_TARGET = 7.1;
				SDKROOT = iphoneos;
				VALIDATE_PRODUCT = YES;
			};
			name = Release;
		};
		6AFFA6FB192A885A0091244C /* Debug */ = {
			isa = XCBuildConfiguration;
			buildSettings = {
				ASSETCATALOG_COMPILER_APPICON_NAME = AppIcon;
				ASSETCATALOG_COMPILER_LAUNCHIMAGE_NAME = LaunchImage;
				FRAMEWORK_SEARCH_PATHS = (
					"$(inherited)",
					/Users/thomaso/Desktop,
				);
				GCC_PRECOMPILE_PREFIX_HEADER = YES;
				GCC_PREFIX_HEADER = "Deprocrastinator/Deprocrastinator-Prefix.pch";
				INFOPLIST_FILE = "Deprocrastinator/Deprocrastinator-Info.plist";
				PRODUCT_NAME = "$(TARGET_NAME)";
				WRAPPER_EXTENSION = app;
			};
			name = Debug;
		};
		6AFFA6FC192A885A0091244C /* Release */ = {
			isa = XCBuildConfiguration;
			buildSettings = {
				ASSETCATALOG_COMPILER_APPICON_NAME = AppIcon;
				ASSETCATALOG_COMPILER_LAUNCHIMAGE_NAME = LaunchImage;
				FRAMEWORK_SEARCH_PATHS = (
					"$(inherited)",
					/Users/thomaso/Desktop,
				);
				GCC_PRECOMPILE_PREFIX_HEADER = YES;
				GCC_PREFIX_HEADER = "Deprocrastinator/Deprocrastinator-Prefix.pch";
				INFOPLIST_FILE = "Deprocrastinator/Deprocrastinator-Info.plist";
				PRODUCT_NAME = "$(TARGET_NAME)";
				WRAPPER_EXTENSION = app;
			};
			name = Release;
		};
		6AFFA6FE192A885A0091244C /* Debug */ = {
			isa = XCBuildConfiguration;
			buildSettings = {
				BUNDLE_LOADER = "$(BUILT_PRODUCTS_DIR)/Deprocrastinator.app/Deprocrastinator";
				FRAMEWORK_SEARCH_PATHS = (
					"$(SDKROOT)/Developer/Library/Frameworks",
					"$(inherited)",
					"$(DEVELOPER_FRAMEWORKS_DIR)",
				);
				GCC_PRECOMPILE_PREFIX_HEADER = YES;
				GCC_PREFIX_HEADER = "Deprocrastinator/Deprocrastinator-Prefix.pch";
				GCC_PREPROCESSOR_DEFINITIONS = (
					"DEBUG=1",
					"$(inherited)",
				);
				INFOPLIST_FILE = "DeprocrastinatorTests/DeprocrastinatorTests-Info.plist";
				PRODUCT_NAME = "$(TARGET_NAME)";
				TEST_HOST = "$(BUNDLE_LOADER)";
				WRAPPER_EXTENSION = xctest;
			};
			name = Debug;
		};
		6AFFA6FF192A885A0091244C /* Release */ = {
			isa = XCBuildConfiguration;
			buildSettings = {
				BUNDLE_LOADER = "$(BUILT_PRODUCTS_DIR)/Deprocrastinator.app/Deprocrastinator";
				FRAMEWORK_SEARCH_PATHS = (
					"$(SDKROOT)/Developer/Library/Frameworks",
					"$(inherited)",
					"$(DEVELOPER_FRAMEWORKS_DIR)",
				);
				GCC_PRECOMPILE_PREFIX_HEADER = YES;
				GCC_PREFIX_HEADER = "Deprocrastinator/Deprocrastinator-Prefix.pch";
				INFOPLIST_FILE = "DeprocrastinatorTests/DeprocrastinatorTests-Info.plist";
				PRODUCT_NAME = "$(TARGET_NAME)";
				TEST_HOST = "$(BUNDLE_LOADER)";
				WRAPPER_EXTENSION = xctest;
			};
			name = Release;
		};
/* End XCBuildConfiguration section */

/* Begin XCConfigurationList section */
		6AFFA6C3192A885A0091244C /* Build configuration list for PBXProject "Deprocrastinator" */ = {
			isa = XCConfigurationList;
			buildConfigurations = (
				6AFFA6F8192A885A0091244C /* Debug */,
				6AFFA6F9192A885A0091244C /* Release */,
			);
			defaultConfigurationIsVisible = 0;
			defaultConfigurationName = Release;
		};
		6AFFA6FA192A885A0091244C /* Build configuration list for PBXNativeTarget "Deprocrastinator" */ = {
			isa = XCConfigurationList;
			buildConfigurations = (
				6AFFA6FB192A885A0091244C /* Debug */,
				6AFFA6FC192A885A0091244C /* Release */,
			);
			defaultConfigurationIsVisible = 0;
		};
		6AFFA6FD192A885A0091244C /* Build configuration list for PBXNativeTarget "DeprocrastinatorTests" */ = {
			isa = XCConfigurationList;
			buildConfigurations = (
				6AFFA6FE192A885A0091244C /* Debug */,
				6AFFA6FF192A885A0091244C /* Release */,
			);
			defaultConfigurationIsVisible = 0;
		};
/* End XCConfigurationList section */
	};
	rootObject = 6AFFA6C0192A885A0091244C /* Project object */;
}
